
Microsoft Visual Studio Solution File, Format Version 12.00
# Visual Studio Version 16
VisualStudioVersion = 16.0.29123.88
MinimumVisualStudioVersion = 10.0.40219.1
Project("{FAE04EC0-301F-11D3-BF4B-00C04F79EFBC}") = "ReturnToVentosPrimeGame", "ReturnToVentosPrimeGame\ReturnToVentosPrimeGame.csproj", "{9558132F-F157-4819-8AD9-053F6DCEDE9E}"
EndProject
Project("{FAE04EC0-301F-11D3-BF4B-00C04F79EFBC}") = "CoreLibrary", "CoreLibrary\CoreLibrary.csproj", "{71873FBD-F90D-49FA-9AB7-FF2551251008}"
EndProject
Global
	GlobalSection(SolutionConfigurationPlatforms) = preSolution
		Debug|Any CPU = Debug|Any CPU
		Release|Any CPU = Release|Any CPU
	EndGlobalSection
	GlobalSection(ProjectConfigurationPlatforms) = postSolution
		{9558132F-F157-4819-8AD9-053F6DCEDE9E}.Debug|Any CPU.ActiveCfg = Debug|Any CPU
		{9558132F-F157-4819-8AD9-053F6DCEDE9E}.Debug|Any CPU.Build.0 = Debug|Any CPU
		{9558132F-F157-4819-8AD9-053F6DCEDE9E}.Release|Any CPU.ActiveCfg = Release|Any CPU
		{9558132F-F157-4819-8AD9-053F6DCEDE9E}.Release|Any CPU.Build.0 = Release|Any CPU
		{71873FBD-F90D-49FA-9AB7-FF2551251008}.Debug|Any CPU.ActiveCfg = Debug|Any CPU
		{71873FBD-F90D-49FA-9AB7-FF2551251008}.Debug|Any CPU.Build.0 = Debug|Any CPU
		{71873FBD-F90D-49FA-9AB7-FF2551251008}.Release|Any CPU.ActiveCfg = Release|Any CPU
		{71873FBD-F90D-49FA-9AB7-FF2551251008}.Release|Any CPU.Build.0 = Release|Any CPU
	EndGlobalSection
	GlobalSection(SolutionProperties) = preSolution
		HideSolutionNode = FALSE
	EndGlobalSection
	GlobalSection(ExtensibilityGlobals) = postSolution
		SolutionGuid = {EF216A8C-5321-4F52-B860-197E703CFD8D}
	EndGlobalSection
EndGlobal
